
Microsoft Visual Studio Solution File, Format Version 12.00
# Visual Studio Version 17
VisualStudioVersion = 17.7.34031.279
MinimumVisualStudioVersion = 10.0.40219.1
Project("{FAE04EC0-301F-11D3-BF4B-00C04F79EFBC}") = "WpfApp1", "WpfApp1.csproj", "{65661BA5-7019-4FE9-99A5-CF5C6C3D3215}"
EndProject
Global
	GlobalSection(SolutionConfigurationPlatforms) = preSolution
		Debug|Any CPU = Debug|Any CPU
		Release|Any CPU = Release|Any CPU
	EndGlobalSection
	GlobalSection(ProjectConfigurationPlatforms) = postSolution
		{65661BA5-7019-4FE9-99A5-CF5C6C3D3215}.Debug|Any CPU.ActiveCfg = Debug|Any CPU
		{65661BA5-7019-4FE9-99A5-CF5C6C3D3215}.Debug|Any CPU.Build.0 = Debug|Any CPU
		{65661BA5-7019-4FE9-99A5-CF5C6C3D3215}.Release|Any CPU.ActiveCfg = Release|Any CPU
		{65661BA5-7019-4FE9-99A5-CF5C6C3D3215}.Release|Any CPU.Build.0 = Release|Any CPU
	EndGlobalSection
	GlobalSection(SolutionProperties) = preSolution
		HideSolutionNode = FALSE
	EndGlobalSection
	GlobalSection(ExtensibilityGlobals) = postSolution
		SolutionGuid = {314030EF-7951-407D-A77A-B0181418F732}
	EndGlobalSection
EndGlobal
